
Microsoft Visual Studio Solution File, Format Version 12.00
# Visual Studio Version 16
VisualStudioVersion = 16.0.29215.179
MinimumVisualStudioVersion = 10.0.40219.1
Project("{F2A71F9B-5D33-465A-A702-920D77279786}") = "XxoO.Android", "XxoO.Android\XxoO.Android.fsproj", "{CA4EC946-AD64-4A70-B16B-EFACFE440695}"
EndProject
Project("{F2A71F9B-5D33-465A-A702-920D77279786}") = "XxoO.iOS", "XxoO.iOS\XxoO.iOS.fsproj", "{BB580EA8-2DCA-40B1-B82D-3E3F183B9B63}"
EndProject
Project("{6EC3EE1D-3C4E-46DD-8F32-0CC8E7565705}") = "XxoO.Test", "XxoO.Test\XxoO.Test.fsproj", "{3D9EFB9C-27EA-443E-A257-9A6CF05FFDCE}"
EndProject
Project("{2150E333-8FDC-42A3-9474-1A3956D46DE8}") = "Solution Items", "Solution Items", "{31C501F0-2DB3-4393-A4D9-A866FE64BAC9}"
	ProjectSection(SolutionItems) = preProject
		build.fsx = build.fsx
		privacy_statement.md = privacy_statement.md
	EndProjectSection
EndProject
Project("{6EC3EE1D-3C4E-46DD-8F32-0CC8E7565705}") = "XxoODomain", "XxoODomain\XxoODomain.fsproj", "{ADC3628D-367D-4E5D-8DC3-1D8055F93DF4}"
EndProject
Global
	GlobalSection(SolutionConfigurationPlatforms) = preSolution
		Ad-Hoc|Any CPU = Ad-Hoc|Any CPU
		Ad-Hoc|ARM = Ad-Hoc|ARM
		Ad-Hoc|iPhone = Ad-Hoc|iPhone
		Ad-Hoc|iPhoneSimulator = Ad-Hoc|iPhoneSimulator
		Ad-Hoc|x64 = Ad-Hoc|x64
		Ad-Hoc|x86 = Ad-Hoc|x86
		AppStore|Any CPU = AppStore|Any CPU
		AppStore|ARM = AppStore|ARM
		AppStore|iPhone = AppStore|iPhone
		AppStore|iPhoneSimulator = AppStore|iPhoneSimulator
		AppStore|x64 = AppStore|x64
		AppStore|x86 = AppStore|x86
		Debug|Any CPU = Debug|Any CPU
		Debug|ARM = Debug|ARM
		Debug|iPhone = Debug|iPhone
		Debug|iPhoneSimulator = Debug|iPhoneSimulator
		Debug|x64 = Debug|x64
		Debug|x86 = Debug|x86
		Release|Any CPU = Release|Any CPU
		Release|ARM = Release|ARM
		Release|iPhone = Release|iPhone
		Release|iPhoneSimulator = Release|iPhoneSimulator
		Release|x64 = Release|x64
		Release|x86 = Release|x86
	EndGlobalSection
	GlobalSection(ProjectConfigurationPlatforms) = postSolution
		{CA4EC946-AD64-4A70-B16B-EFACFE440695}.Ad-Hoc|Any CPU.ActiveCfg = Release|Any CPU
		{CA4EC946-AD64-4A70-B16B-EFACFE440695}.Ad-Hoc|Any CPU.Build.0 = Release|Any CPU
		{CA4EC946-AD64-4A70-B16B-EFACFE440695}.Ad-Hoc|ARM.ActiveCfg = Release|Any CPU
		{CA4EC946-AD64-4A70-B16B-EFACFE440695}.Ad-Hoc|ARM.Build.0 = Release|Any CPU
		{CA4EC946-AD64-4A70-B16B-EFACFE440695}.Ad-Hoc|iPhone.ActiveCfg = Release|Any CPU
		{CA4EC946-AD64-4A70-B16B-EFACFE440695}.Ad-Hoc|iPhone.Build.0 = Release|Any CPU
		{CA4EC946-AD64-4A70-B16B-EFACFE440695}.Ad-Hoc|iPhoneSimulator.ActiveCfg = Release|Any CPU
		{CA4EC946-AD64-4A70-B16B-EFACFE440695}.Ad-Hoc|iPhoneSimulator.Build.0 = Release|Any CPU
		{CA4EC946-AD64-4A70-B16B-EFACFE440695}.Ad-Hoc|x64.ActiveCfg = Release|Any CPU
		{CA4EC946-AD64-4A70-B16B-EFACFE440695}.Ad-Hoc|x64.Build.0 = Release|Any CPU
		{CA4EC946-AD64-4A70-B16B-EFACFE440695}.Ad-Hoc|x86.ActiveCfg = Release|Any CPU
		{CA4EC946-AD64-4A70-B16B-EFACFE440695}.Ad-Hoc|x86.Build.0 = Release|Any CPU
		{CA4EC946-AD64-4A70-B16B-EFACFE440695}.AppStore|Any CPU.ActiveCfg = Release|Any CPU
		{CA4EC946-AD64-4A70-B16B-EFACFE440695}.AppStore|Any CPU.Build.0 = Release|Any CPU
		{CA4EC946-AD64-4A70-B16B-EFACFE440695}.AppStore|ARM.ActiveCfg = Release|Any CPU
		{CA4EC946-AD64-4A70-B16B-EFACFE440695}.AppStore|ARM.Build.0 = Release|Any CPU
		{CA4EC946-AD64-4A70-B16B-EFACFE440695}.AppStore|iPhone.ActiveCfg = Release|Any CPU
		{CA4EC946-AD64-4A70-B16B-EFACFE440695}.AppStore|iPhone.Build.0 = Release|Any CPU
		{CA4EC946-AD64-4A70-B16B-EFACFE440695}.AppStore|iPhoneSimulator.ActiveCfg = Release|Any CPU
		{CA4EC946-AD64-4A70-B16B-EFACFE440695}.AppStore|iPhoneSimulator.Build.0 = Release|Any CPU
		{CA4EC946-AD64-4A70-B16B-EFACFE440695}.AppStore|x64.ActiveCfg = Release|Any CPU
		{CA4EC946-AD64-4A70-B16B-EFACFE440695}.AppStore|x64.Build.0 = Release|Any CPU
		{CA4EC946-AD64-4A70-B16B-EFACFE440695}.AppStore|x86.ActiveCfg = Release|Any CPU
		{CA4EC946-AD64-4A70-B16B-EFACFE440695}.AppStore|x86.Build.0 = Release|Any CPU
		{CA4EC946-AD64-4A70-B16B-EFACFE440695}.Debug|Any CPU.ActiveCfg = Debug|Any CPU
		{CA4EC946-AD64-4A70-B16B-EFACFE440695}.Debug|Any CPU.Build.0 = Debug|Any CPU
		{CA4EC946-AD64-4A70-B16B-EFACFE440695}.Debug|Any CPU.Deploy.0 = Debug|Any CPU
		{CA4EC946-AD64-4A70-B16B-EFACFE440695}.Debug|ARM.ActiveCfg = Debug|Any CPU
		{CA4EC946-AD64-4A70-B16B-EFACFE440695}.Debug|ARM.Build.0 = Debug|Any CPU
		{CA4EC946-AD64-4A70-B16B-EFACFE440695}.Debug|iPhone.ActiveCfg = Debug|Any CPU
		{CA4EC946-AD64-4A70-B16B-EFACFE440695}.Debug|iPhone.Build.0 = Debug|Any CPU
		{CA4EC946-AD64-4A70-B16B-EFACFE440695}.Debug|iPhoneSimulator.ActiveCfg = Debug|Any CPU
		{CA4EC946-AD64-4A70-B16B-EFACFE440695}.Debug|iPhoneSimulator.Build.0 = Debug|Any CPU
		{CA4EC946-AD64-4A70-B16B-EFACFE440695}.Debug|x64.ActiveCfg = Debug|Any CPU
		{CA4EC946-AD64-4A70-B16B-EFACFE440695}.Debug|x64.Build.0 = Debug|Any CPU
		{CA4EC946-AD64-4A70-B16B-EFACFE440695}.Debug|x86.ActiveCfg = Debug|Any CPU
		{CA4EC946-AD64-4A70-B16B-EFACFE440695}.Debug|x86.Build.0 = Debug|Any CPU
		{CA4EC946-AD64-4A70-B16B-EFACFE440695}.Release|Any CPU.ActiveCfg = Release|Any CPU
		{CA4EC946-AD64-4A70-B16B-EFACFE440695}.Release|Any CPU.Build.0 = Release|Any CPU
		{CA4EC946-AD64-4A70-B16B-EFACFE440695}.Release|Any CPU.Deploy.0 = Release|Any CPU
		{CA4EC946-AD64-4A70-B16B-EFACFE440695}.Release|ARM.ActiveCfg = Release|Any CPU
		{CA4EC946-AD64-4A70-B16B-EFACFE440695}.Release|ARM.Build.0 = Release|Any CPU
		{CA4EC946-AD64-4A70-B16B-EFACFE440695}.Release|iPhone.ActiveCfg = Release|Any CPU
		{CA4EC946-AD64-4A70-B16B-EFACFE440695}.Release|iPhone.Build.0 = Release|Any CPU
		{CA4EC946-AD64-4A70-B16B-EFACFE440695}.Release|iPhoneSimulator.ActiveCfg = Release|Any CPU
		{CA4EC946-AD64-4A70-B16B-EFACFE440695}.Release|iPhoneSimulator.Build.0 = Release|Any CPU
		{CA4EC946-AD64-4A70-B16B-EFACFE440695}.Release|x64.ActiveCfg = Release|Any CPU
		{CA4EC946-AD64-4A70-B16B-EFACFE440695}.Release|x64.Build.0 = Release|Any CPU
		{CA4EC946-AD64-4A70-B16B-EFACFE440695}.Release|x86.ActiveCfg = Release|Any CPU
		{CA4EC946-AD64-4A70-B16B-EFACFE440695}.Release|x86.Build.0 = Release|Any CPU
		{BB580EA8-2DCA-40B1-B82D-3E3F183B9B63}.Ad-Hoc|Any CPU.ActiveCfg = Ad-Hoc|iPhone
		{BB580EA8-2DCA-40B1-B82D-3E3F183B9B63}.Ad-Hoc|ARM.ActiveCfg = Ad-Hoc|iPhone
		{BB580EA8-2DCA-40B1-B82D-3E3F183B9B63}.Ad-Hoc|iPhone.ActiveCfg = Ad-Hoc|iPhone
		{BB580EA8-2DCA-40B1-B82D-3E3F183B9B63}.Ad-Hoc|iPhone.Build.0 = Ad-Hoc|iPhone
		{BB580EA8-2DCA-40B1-B82D-3E3F183B9B63}.Ad-Hoc|iPhoneSimulator.ActiveCfg = Ad-Hoc|iPhoneSimulator
		{BB580EA8-2DCA-40B1-B82D-3E3F183B9B63}.Ad-Hoc|iPhoneSimulator.Build.0 = Ad-Hoc|iPhoneSimulator
		{BB580EA8-2DCA-40B1-B82D-3E3F183B9B63}.Ad-Hoc|x64.ActiveCfg = Ad-Hoc|iPhone
		{BB580EA8-2DCA-40B1-B82D-3E3F183B9B63}.Ad-Hoc|x86.ActiveCfg = Ad-Hoc|iPhone
		{BB580EA8-2DCA-40B1-B82D-3E3F183B9B63}.AppStore|Any CPU.ActiveCfg = AppStore|iPhone
		{BB580EA8-2DCA-40B1-B82D-3E3F183B9B63}.AppStore|ARM.ActiveCfg = AppStore|iPhone
		{BB580EA8-2DCA-40B1-B82D-3E3F183B9B63}.AppStore|iPhone.ActiveCfg = AppStore|iPhone
		{BB580EA8-2DCA-40B1-B82D-3E3F183B9B63}.AppStore|iPhone.Build.0 = AppStore|iPhone
		{BB580EA8-2DCA-40B1-B82D-3E3F183B9B63}.AppStore|iPhoneSimulator.ActiveCfg = AppStore|iPhoneSimulator
		{BB580EA8-2DCA-40B1-B82D-3E3F183B9B63}.AppStore|iPhoneSimulator.Build.0 = AppStore|iPhoneSimulator
		{BB580EA8-2DCA-40B1-B82D-3E3F183B9B63}.AppStore|x64.ActiveCfg = AppStore|iPhone
		{BB580EA8-2DCA-40B1-B82D-3E3F183B9B63}.AppStore|x86.ActiveCfg = AppStore|iPhone
		{BB580EA8-2DCA-40B1-B82D-3E3F183B9B63}.Debug|Any CPU.ActiveCfg = Debug|iPhone
		{BB580EA8-2DCA-40B1-B82D-3E3F183B9B63}.Debug|ARM.ActiveCfg = Debug|iPhone
		{BB580EA8-2DCA-40B1-B82D-3E3F183B9B63}.Debug|iPhone.ActiveCfg = Debug|iPhone
		{BB580EA8-2DCA-40B1-B82D-3E3F183B9B63}.Debug|iPhone.Build.0 = Debug|iPhone
		{BB580EA8-2DCA-40B1-B82D-3E3F183B9B63}.Debug|iPhoneSimulator.ActiveCfg = Debug|iPhoneSimulator
		{BB580EA8-2DCA-40B1-B82D-3E3F183B9B63}.Debug|iPhoneSimulator.Build.0 = Debug|iPhoneSimulator
		{BB580EA8-2DCA-40B1-B82D-3E3F183B9B63}.Debug|x64.ActiveCfg = Debug|iPhone
		{BB580EA8-2DCA-40B1-B82D-3E3F183B9B63}.Debug|x86.ActiveCfg = Debug|iPhone
		{BB580EA8-2DCA-40B1-B82D-3E3F183B9B63}.Release|Any CPU.ActiveCfg = Release|iPhone
		{BB580EA8-2DCA-40B1-B82D-3E3F183B9B63}.Release|ARM.ActiveCfg = Release|iPhone
		{BB580EA8-2DCA-40B1-B82D-3E3F183B9B63}.Release|iPhone.ActiveCfg = Release|iPhone
		{BB580EA8-2DCA-40B1-B82D-3E3F183B9B63}.Release|iPhone.Build.0 = Release|iPhone
		{BB580EA8-2DCA-40B1-B82D-3E3F183B9B63}.Release|iPhoneSimulator.ActiveCfg = Release|iPhoneSimulator
		{BB580EA8-2DCA-40B1-B82D-3E3F183B9B63}.Release|iPhoneSimulator.Build.0 = Release|iPhoneSimulator
		{BB580EA8-2DCA-40B1-B82D-3E3F183B9B63}.Release|x64.ActiveCfg = Release|iPhone
		{BB580EA8-2DCA-40B1-B82D-3E3F183B9B63}.Release|x86.ActiveCfg = Release|iPhone
		{3D9EFB9C-27EA-443E-A257-9A6CF05FFDCE}.Ad-Hoc|Any CPU.ActiveCfg = Debug|Any CPU
		{3D9EFB9C-27EA-443E-A257-9A6CF05FFDCE}.Ad-Hoc|Any CPU.Build.0 = Debug|Any CPU
		{3D9EFB9C-27EA-443E-A257-9A6CF05FFDCE}.Ad-Hoc|ARM.ActiveCfg = Debug|Any CPU
		{3D9EFB9C-27EA-443E-A257-9A6CF05FFDCE}.Ad-Hoc|ARM.Build.0 = Debug|Any CPU
		{3D9EFB9C-27EA-443E-A257-9A6CF05FFDCE}.Ad-Hoc|iPhone.ActiveCfg = Debug|Any CPU
		{3D9EFB9C-27EA-443E-A257-9A6CF05FFDCE}.Ad-Hoc|iPhone.Build.0 = Debug|Any CPU
		{3D9EFB9C-27EA-443E-A257-9A6CF05FFDCE}.Ad-Hoc|iPhoneSimulator.ActiveCfg = Debug|Any CPU
		{3D9EFB9C-27EA-443E-A257-9A6CF05FFDCE}.Ad-Hoc|iPhoneSimulator.Build.0 = Debug|Any CPU
		{3D9EFB9C-27EA-443E-A257-9A6CF05FFDCE}.Ad-Hoc|x64.ActiveCfg = Debug|Any CPU
		{3D9EFB9C-27EA-443E-A257-9A6CF05FFDCE}.Ad-Hoc|x64.Build.0 = Debug|Any CPU
		{3D9EFB9C-27EA-443E-A257-9A6CF05FFDCE}.Ad-Hoc|x86.ActiveCfg = Debug|Any CPU
		{3D9EFB9C-27EA-443E-A257-9A6CF05FFDCE}.Ad-Hoc|x86.Build.0 = Debug|Any CPU
		{3D9EFB9C-27EA-443E-A257-9A6CF05FFDCE}.AppStore|Any CPU.ActiveCfg = Debug|Any CPU
		{3D9EFB9C-27EA-443E-A257-9A6CF05FFDCE}.AppStore|Any CPU.Build.0 = Debug|Any CPU
		{3D9EFB9C-27EA-443E-A257-9A6CF05FFDCE}.AppStore|ARM.ActiveCfg = Debug|Any CPU
		{3D9EFB9C-27EA-443E-A257-9A6CF05FFDCE}.AppStore|ARM.Build.0 = Debug|Any CPU
		{3D9EFB9C-27EA-443E-A257-9A6CF05FFDCE}.AppStore|iPhone.ActiveCfg = Debug|Any CPU
		{3D9EFB9C-27EA-443E-A257-9A6CF05FFDCE}.AppStore|iPhone.Build.0 = Debug|Any CPU
		{3D9EFB9C-27EA-443E-A257-9A6CF05FFDCE}.AppStore|iPhoneSimulator.ActiveCfg = Debug|Any CPU
		{3D9EFB9C-27EA-443E-A257-9A6CF05FFDCE}.AppStore|iPhoneSimulator.Build.0 = Debug|Any CPU
		{3D9EFB9C-27EA-443E-A257-9A6CF05FFDCE}.AppStore|x64.ActiveCfg = Debug|Any CPU
		{3D9EFB9C-27EA-443E-A257-9A6CF05FFDCE}.AppStore|x64.Build.0 = Debug|Any CPU
		{3D9EFB9C-27EA-443E-A257-9A6CF05FFDCE}.AppStore|x86.ActiveCfg = Debug|Any CPU
		{3D9EFB9C-27EA-443E-A257-9A6CF05FFDCE}.AppStore|x86.Build.0 = Debug|Any CPU
		{3D9EFB9C-27EA-443E-A257-9A6CF05FFDCE}.Debug|Any CPU.ActiveCfg = Debug|Any CPU
		{3D9EFB9C-27EA-443E-A257-9A6CF05FFDCE}.Debug|Any CPU.Build.0 = Debug|Any CPU
		{3D9EFB9C-27EA-443E-A257-9A6CF05FFDCE}.Debug|ARM.ActiveCfg = Debug|Any CPU
		{3D9EFB9C-27EA-443E-A257-9A6CF05FFDCE}.Debug|ARM.Build.0 = Debug|Any CPU
		{3D9EFB9C-27EA-443E-A257-9A6CF05FFDCE}.Debug|iPhone.ActiveCfg = Debug|Any CPU
		{3D9EFB9C-27EA-443E-A257-9A6CF05FFDCE}.Debug|iPhone.Build.0 = Debug|Any CPU
		{3D9EFB9C-27EA-443E-A257-9A6CF05FFDCE}.Debug|iPhoneSimulator.ActiveCfg = Debug|Any CPU
		{3D9EFB9C-27EA-443E-A257-9A6CF05FFDCE}.Debug|iPhoneSimulator.Build.0 = Debug|Any CPU
		{3D9EFB9C-27EA-443E-A257-9A6CF05FFDCE}.Debug|x64.ActiveCfg = Debug|Any CPU
		{3D9EFB9C-27EA-443E-A257-9A6CF05FFDCE}.Debug|x64.Build.0 = Debug|Any CPU
		{3D9EFB9C-27EA-443E-A257-9A6CF05FFDCE}.Debug|x86.ActiveCfg = Debug|Any CPU
		{3D9EFB9C-27EA-443E-A257-9A6CF05FFDCE}.Debug|x86.Build.0 = Debug|Any CPU
		{3D9EFB9C-27EA-443E-A257-9A6CF05FFDCE}.Release|Any CPU.ActiveCfg = Release|Any CPU
		{3D9EFB9C-27EA-443E-A257-9A6CF05FFDCE}.Release|Any CPU.Build.0 = Release|Any CPU
		{3D9EFB9C-27EA-443E-A257-9A6CF05FFDCE}.Release|ARM.ActiveCfg = Release|Any CPU
		{3D9EFB9C-27EA-443E-A257-9A6CF05FFDCE}.Release|ARM.Build.0 = Release|Any CPU
		{3D9EFB9C-27EA-443E-A257-9A6CF05FFDCE}.Release|iPhone.ActiveCfg = Release|Any CPU
		{3D9EFB9C-27EA-443E-A257-9A6CF05FFDCE}.Release|iPhone.Build.0 = Release|Any CPU
		{3D9EFB9C-27EA-443E-A257-9A6CF05FFDCE}.Release|iPhoneSimulator.ActiveCfg = Release|Any CPU
		{3D9EFB9C-27EA-443E-A257-9A6CF05FFDCE}.Release|iPhoneSimulator.Build.0 = Release|Any CPU
		{3D9EFB9C-27EA-443E-A257-9A6CF05FFDCE}.Release|x64.ActiveCfg = Release|Any CPU
		{3D9EFB9C-27EA-443E-A257-9A6CF05FFDCE}.Release|x64.Build.0 = Release|Any CPU
		{3D9EFB9C-27EA-443E-A257-9A6CF05FFDCE}.Release|x86.ActiveCfg = Release|Any CPU
		{3D9EFB9C-27EA-443E-A257-9A6CF05FFDCE}.Release|x86.Build.0 = Release|Any CPU
		{ADC3628D-367D-4E5D-8DC3-1D8055F93DF4}.Ad-Hoc|Any CPU.ActiveCfg = Debug|Any CPU
		{ADC3628D-367D-4E5D-8DC3-1D8055F93DF4}.Ad-Hoc|Any CPU.Build.0 = Debug|Any CPU
		{ADC3628D-367D-4E5D-8DC3-1D8055F93DF4}.Ad-Hoc|ARM.ActiveCfg = Debug|Any CPU
		{ADC3628D-367D-4E5D-8DC3-1D8055F93DF4}.Ad-Hoc|ARM.Build.0 = Debug|Any CPU
		{ADC3628D-367D-4E5D-8DC3-1D8055F93DF4}.Ad-Hoc|iPhone.ActiveCfg = Debug|Any CPU
		{ADC3628D-367D-4E5D-8DC3-1D8055F93DF4}.Ad-Hoc|iPhone.Build.0 = Debug|Any CPU
		{ADC3628D-367D-4E5D-8DC3-1D8055F93DF4}.Ad-Hoc|iPhoneSimulator.ActiveCfg = Debug|Any CPU
		{ADC3628D-367D-4E5D-8DC3-1D8055F93DF4}.Ad-Hoc|iPhoneSimulator.Build.0 = Debug|Any CPU
		{ADC3628D-367D-4E5D-8DC3-1D8055F93DF4}.Ad-Hoc|x64.ActiveCfg = Debug|Any CPU
		{ADC3628D-367D-4E5D-8DC3-1D8055F93DF4}.Ad-Hoc|x64.Build.0 = Debug|Any CPU
		{ADC3628D-367D-4E5D-8DC3-1D8055F93DF4}.Ad-Hoc|x86.ActiveCfg = Debug|Any CPU
		{ADC3628D-367D-4E5D-8DC3-1D8055F93DF4}.Ad-Hoc|x86.Build.0 = Debug|Any CPU
		{ADC3628D-367D-4E5D-8DC3-1D8055F93DF4}.AppStore|Any CPU.ActiveCfg = Debug|Any CPU
		{ADC3628D-367D-4E5D-8DC3-1D8055F93DF4}.AppStore|Any CPU.Build.0 = Debug|Any CPU
		{ADC3628D-367D-4E5D-8DC3-1D8055F93DF4}.AppStore|ARM.ActiveCfg = Debug|Any CPU
		{ADC3628D-367D-4E5D-8DC3-1D8055F93DF4}.AppStore|ARM.Build.0 = Debug|Any CPU
		{ADC3628D-367D-4E5D-8DC3-1D8055F93DF4}.AppStore|iPhone.ActiveCfg = Debug|Any CPU
		{ADC3628D-367D-4E5D-8DC3-1D8055F93DF4}.AppStore|iPhone.Build.0 = Debug|Any CPU
		{ADC3628D-367D-4E5D-8DC3-1D8055F93DF4}.AppStore|iPhoneSimulator.ActiveCfg = Debug|Any CPU
		{ADC3628D-367D-4E5D-8DC3-1D8055F93DF4}.AppStore|iPhoneSimulator.Build.0 = Debug|Any CPU
		{ADC3628D-367D-4E5D-8DC3-1D8055F93DF4}.AppStore|x64.ActiveCfg = Debug|Any CPU
		{ADC3628D-367D-4E5D-8DC3-1D8055F93DF4}.AppStore|x64.Build.0 = Debug|Any CPU
		{ADC3628D-367D-4E5D-8DC3-1D8055F93DF4}.AppStore|x86.ActiveCfg = Debug|Any CPU
		{ADC3628D-367D-4E5D-8DC3-1D8055F93DF4}.AppStore|x86.Build.0 = Debug|Any CPU
		{ADC3628D-367D-4E5D-8DC3-1D8055F93DF4}.Debug|Any CPU.ActiveCfg = Debug|Any CPU
		{ADC3628D-367D-4E5D-8DC3-1D8055F93DF4}.Debug|Any CPU.Build.0 = Debug|Any CPU
		{ADC3628D-367D-4E5D-8DC3-1D8055F93DF4}.Debug|ARM.ActiveCfg = Debug|Any CPU
		{ADC3628D-367D-4E5D-8DC3-1D8055F93DF4}.Debug|ARM.Build.0 = Debug|Any CPU
		{ADC3628D-367D-4E5D-8DC3-1D8055F93DF4}.Debug|iPhone.ActiveCfg = Debug|Any CPU
		{ADC3628D-367D-4E5D-8DC3-1D8055F93DF4}.Debug|iPhone.Build.0 = Debug|Any CPU
		{ADC3628D-367D-4E5D-8DC3-1D8055F93DF4}.Debug|iPhoneSimulator.ActiveCfg = Debug|Any CPU
		{ADC3628D-367D-4E5D-8DC3-1D8055F93DF4}.Debug|iPhoneSimulator.Build.0 = Debug|Any CPU
		{ADC3628D-367D-4E5D-8DC3-1D8055F93DF4}.Debug|x64.ActiveCfg = Debug|Any CPU
		{ADC3628D-367D-4E5D-8DC3-1D8055F93DF4}.Debug|x64.Build.0 = Debug|Any CPU
		{ADC3628D-367D-4E5D-8DC3-1D8055F93DF4}.Debug|x86.ActiveCfg = Debug|Any CPU
		{ADC3628D-367D-4E5D-8DC3-1D8055F93DF4}.Debug|x86.Build.0 = Debug|Any CPU
		{ADC3628D-367D-4E5D-8DC3-1D8055F93DF4}.Release|Any CPU.ActiveCfg = Release|Any CPU
		{ADC3628D-367D-4E5D-8DC3-1D8055F93DF4}.Release|Any CPU.Build.0 = Release|Any CPU
		{ADC3628D-367D-4E5D-8DC3-1D8055F93DF4}.Release|ARM.ActiveCfg = Release|Any CPU
		{ADC3628D-367D-4E5D-8DC3-1D8055F93DF4}.Release|ARM.Build.0 = Release|Any CPU
		{ADC3628D-367D-4E5D-8DC3-1D8055F93DF4}.Release|iPhone.ActiveCfg = Release|Any CPU
		{ADC3628D-367D-4E5D-8DC3-1D8055F93DF4}.Release|iPhone.Build.0 = Release|Any CPU
		{ADC3628D-367D-4E5D-8DC3-1D8055F93DF4}.Release|iPhoneSimulator.ActiveCfg = Release|Any CPU
		{ADC3628D-367D-4E5D-8DC3-1D8055F93DF4}.Release|iPhoneSimulator.Build.0 = Release|Any CPU
		{ADC3628D-367D-4E5D-8DC3-1D8055F93DF4}.Release|x64.ActiveCfg = Release|Any CPU
		{ADC3628D-367D-4E5D-8DC3-1D8055F93DF4}.Release|x64.Build.0 = Release|Any CPU
		{ADC3628D-367D-4E5D-8DC3-1D8055F93DF4}.Release|x86.ActiveCfg = Release|Any CPU
		{ADC3628D-367D-4E5D-8DC3-1D8055F93DF4}.Release|x86.Build.0 = Release|Any CPU
	EndGlobalSection
	GlobalSection(SolutionProperties) = preSolution
		HideSolutionNode = FALSE
	EndGlobalSection
	GlobalSection(ExtensibilityGlobals) = postSolution
		SolutionGuid = {F6D05029-56B8-4E45-AF2D-0E76295DDBA2}
	EndGlobalSection
EndGlobal
