
Microsoft Visual Studio Solution File, Format Version 12.00
# Visual Studio 15
VisualStudioVersion = 15.0.26730.10
MinimumVisualStudioVersion = 10.0.40219.1
Project("{6EC3EE1D-3C4E-46DD-8F32-0CC8E7565705}") = "XxoO", "XxoO\XxoO.fsproj", "{10E16640-B142-4D54-826E-163090D771E5}"
EndProject
Project("{F2A71F9B-5D33-465A-A702-920D77279786}") = "XxoO.Android", "XxoO.Android\XxoO.Android.fsproj", "{CA4EC946-AD64-4A70-B16B-EFACFE440695}"
EndProject
Project("{F2A71F9B-5D33-465A-A702-920D77279786}") = "XxoO.iOS", "XxoO.iOS\XxoO.iOS.fsproj", "{BB580EA8-2DCA-40B1-B82D-3E3F183B9B63}"
EndProject
Project("{F2A71F9B-5D33-465A-A702-920D77279786}") = "XxoO.Test", "XxoO.Test\XxoO.Test.fsproj", "{3D9EFB9C-27EA-443E-A257-9A6CF05FFDCE}"
EndProject
Global
	GlobalSection(SolutionConfigurationPlatforms) = preSolution
		Ad-Hoc|Any CPU = Ad-Hoc|Any CPU
		Ad-Hoc|ARM = Ad-Hoc|ARM
		Ad-Hoc|iPhone = Ad-Hoc|iPhone
		Ad-Hoc|iPhoneSimulator = Ad-Hoc|iPhoneSimulator
		Ad-Hoc|x64 = Ad-Hoc|x64
		Ad-Hoc|x86 = Ad-Hoc|x86
		AppStore|Any CPU = AppStore|Any CPU
		AppStore|ARM = AppStore|ARM
		AppStore|iPhone = AppStore|iPhone
		AppStore|iPhoneSimulator = AppStore|iPhoneSimulator
		AppStore|x64 = AppStore|x64
		AppStore|x86 = AppStore|x86
		Debug|Any CPU = Debug|Any CPU
		Debug|ARM = Debug|ARM
		Debug|iPhone = Debug|iPhone
		Debug|iPhoneSimulator = Debug|iPhoneSimulator
		Debug|x64 = Debug|x64
		Debug|x86 = Debug|x86
		Release|Any CPU = Release|Any CPU
		Release|ARM = Release|ARM
		Release|iPhone = Release|iPhone
		Release|iPhoneSimulator = Release|iPhoneSimulator
		Release|x64 = Release|x64
		Release|x86 = Release|x86
	EndGlobalSection
	GlobalSection(ProjectConfigurationPlatforms) = postSolution
		{10E16640-B142-4D54-826E-163090D771E5}.Ad-Hoc|Any CPU.ActiveCfg = Debug|Any CPU
		{10E16640-B142-4D54-826E-163090D771E5}.Ad-Hoc|Any CPU.Build.0 = Debug|Any CPU
		{10E16640-B142-4D54-826E-163090D771E5}.Ad-Hoc|ARM.ActiveCfg = Debug|Any CPU
		{10E16640-B142-4D54-826E-163090D771E5}.Ad-Hoc|ARM.Build.0 = Debug|Any CPU
		{10E16640-B142-4D54-826E-163090D771E5}.Ad-Hoc|iPhone.ActiveCfg = Debug|Any CPU
		{10E16640-B142-4D54-826E-163090D771E5}.Ad-Hoc|iPhone.Build.0 = Debug|Any CPU
		{10E16640-B142-4D54-826E-163090D771E5}.Ad-Hoc|iPhoneSimulator.ActiveCfg = Debug|Any CPU
		{10E16640-B142-4D54-826E-163090D771E5}.Ad-Hoc|iPhoneSimulator.Build.0 = Debug|Any CPU
		{10E16640-B142-4D54-826E-163090D771E5}.Ad-Hoc|x64.ActiveCfg = Debug|Any CPU
		{10E16640-B142-4D54-826E-163090D771E5}.Ad-Hoc|x64.Build.0 = Debug|Any CPU
		{10E16640-B142-4D54-826E-163090D771E5}.Ad-Hoc|x86.ActiveCfg = Debug|Any CPU
		{10E16640-B142-4D54-826E-163090D771E5}.Ad-Hoc|x86.Build.0 = Debug|Any CPU
		{10E16640-B142-4D54-826E-163090D771E5}.AppStore|Any CPU.ActiveCfg = Debug|Any CPU
		{10E16640-B142-4D54-826E-163090D771E5}.AppStore|Any CPU.Build.0 = Debug|Any CPU
		{10E16640-B142-4D54-826E-163090D771E5}.AppStore|ARM.ActiveCfg = Debug|Any CPU
		{10E16640-B142-4D54-826E-163090D771E5}.AppStore|ARM.Build.0 = Debug|Any CPU
		{10E16640-B142-4D54-826E-163090D771E5}.AppStore|iPhone.ActiveCfg = Debug|Any CPU
		{10E16640-B142-4D54-826E-163090D771E5}.AppStore|iPhone.Build.0 = Debug|Any CPU
		{10E16640-B142-4D54-826E-163090D771E5}.AppStore|iPhoneSimulator.ActiveCfg = Debug|Any CPU
		{10E16640-B142-4D54-826E-163090D771E5}.AppStore|iPhoneSimulator.Build.0 = Debug|Any CPU
		{10E16640-B142-4D54-826E-163090D771E5}.AppStore|x64.ActiveCfg = Debug|Any CPU
		{10E16640-B142-4D54-826E-163090D771E5}.AppStore|x64.Build.0 = Debug|Any CPU
		{10E16640-B142-4D54-826E-163090D771E5}.AppStore|x86.ActiveCfg = Debug|Any CPU
		{10E16640-B142-4D54-826E-163090D771E5}.AppStore|x86.Build.0 = Debug|Any CPU
		{10E16640-B142-4D54-826E-163090D771E5}.Debug|Any CPU.ActiveCfg = Debug|Any CPU
		{10E16640-B142-4D54-826E-163090D771E5}.Debug|Any CPU.Build.0 = Debug|Any CPU
		{10E16640-B142-4D54-826E-163090D771E5}.Debug|ARM.ActiveCfg = Debug|Any CPU
		{10E16640-B142-4D54-826E-163090D771E5}.Debug|ARM.Build.0 = Debug|Any CPU
		{10E16640-B142-4D54-826E-163090D771E5}.Debug|iPhone.ActiveCfg = Debug|Any CPU
		{10E16640-B142-4D54-826E-163090D771E5}.Debug|iPhone.Build.0 = Debug|Any CPU
		{10E16640-B142-4D54-826E-163090D771E5}.Debug|iPhoneSimulator.ActiveCfg = Debug|Any CPU
		{10E16640-B142-4D54-826E-163090D771E5}.Debug|iPhoneSimulator.Build.0 = Debug|Any CPU
		{10E16640-B142-4D54-826E-163090D771E5}.Debug|x64.ActiveCfg = Debug|Any CPU
		{10E16640-B142-4D54-826E-163090D771E5}.Debug|x64.Build.0 = Debug|Any CPU
		{10E16640-B142-4D54-826E-163090D771E5}.Debug|x86.ActiveCfg = Debug|Any CPU
		{10E16640-B142-4D54-826E-163090D771E5}.Debug|x86.Build.0 = Debug|Any CPU
		{10E16640-B142-4D54-826E-163090D771E5}.Release|Any CPU.ActiveCfg = Release|Any CPU
		{10E16640-B142-4D54-826E-163090D771E5}.Release|Any CPU.Build.0 = Release|Any CPU
		{10E16640-B142-4D54-826E-163090D771E5}.Release|ARM.ActiveCfg = Release|Any CPU
		{10E16640-B142-4D54-826E-163090D771E5}.Release|ARM.Build.0 = Release|Any CPU
		{10E16640-B142-4D54-826E-163090D771E5}.Release|iPhone.ActiveCfg = Release|Any CPU
		{10E16640-B142-4D54-826E-163090D771E5}.Release|iPhone.Build.0 = Release|Any CPU
		{10E16640-B142-4D54-826E-163090D771E5}.Release|iPhoneSimulator.ActiveCfg = Release|Any CPU
		{10E16640-B142-4D54-826E-163090D771E5}.Release|iPhoneSimulator.Build.0 = Release|Any CPU
		{10E16640-B142-4D54-826E-163090D771E5}.Release|x64.ActiveCfg = Release|Any CPU
		{10E16640-B142-4D54-826E-163090D771E5}.Release|x64.Build.0 = Release|Any CPU
		{10E16640-B142-4D54-826E-163090D771E5}.Release|x86.ActiveCfg = Release|Any CPU
		{10E16640-B142-4D54-826E-163090D771E5}.Release|x86.Build.0 = Release|Any CPU
		{BB580EA8-2DCA-40B1-B82D-3E3F183B9B63}.Ad-Hoc|Any CPU.ActiveCfg = Ad-Hoc|iPhone
		{BB580EA8-2DCA-40B1-B82D-3E3F183B9B63}.Ad-Hoc|ARM.ActiveCfg = Ad-Hoc|iPhone
		{BB580EA8-2DCA-40B1-B82D-3E3F183B9B63}.Ad-Hoc|iPhone.ActiveCfg = Ad-Hoc|iPhone
		{BB580EA8-2DCA-40B1-B82D-3E3F183B9B63}.Ad-Hoc|iPhone.Build.0 = Ad-Hoc|iPhone
		{BB580EA8-2DCA-40B1-B82D-3E3F183B9B63}.Ad-Hoc|iPhoneSimulator.ActiveCfg = Ad-Hoc|iPhoneSimulator
		{BB580EA8-2DCA-40B1-B82D-3E3F183B9B63}.Ad-Hoc|iPhoneSimulator.Build.0 = Ad-Hoc|iPhoneSimulator
		{BB580EA8-2DCA-40B1-B82D-3E3F183B9B63}.Ad-Hoc|x64.ActiveCfg = Ad-Hoc|iPhone
		{BB580EA8-2DCA-40B1-B82D-3E3F183B9B63}.Ad-Hoc|x86.ActiveCfg = Ad-Hoc|iPhone
		{BB580EA8-2DCA-40B1-B82D-3E3F183B9B63}.AppStore|Any CPU.ActiveCfg = AppStore|iPhone
		{BB580EA8-2DCA-40B1-B82D-3E3F183B9B63}.AppStore|ARM.ActiveCfg = AppStore|iPhone
		{BB580EA8-2DCA-40B1-B82D-3E3F183B9B63}.AppStore|iPhone.ActiveCfg = AppStore|iPhone
		{BB580EA8-2DCA-40B1-B82D-3E3F183B9B63}.AppStore|iPhone.Build.0 = AppStore|iPhone
		{BB580EA8-2DCA-40B1-B82D-3E3F183B9B63}.AppStore|iPhoneSimulator.ActiveCfg = AppStore|iPhoneSimulator
		{BB580EA8-2DCA-40B1-B82D-3E3F183B9B63}.AppStore|iPhoneSimulator.Build.0 = AppStore|iPhoneSimulator
		{BB580EA8-2DCA-40B1-B82D-3E3F183B9B63}.AppStore|x64.ActiveCfg = AppStore|iPhone
		{BB580EA8-2DCA-40B1-B82D-3E3F183B9B63}.AppStore|x86.ActiveCfg = AppStore|iPhone
		{BB580EA8-2DCA-40B1-B82D-3E3F183B9B63}.Debug|Any CPU.ActiveCfg = Debug|iPhone
		{BB580EA8-2DCA-40B1-B82D-3E3F183B9B63}.Debug|ARM.ActiveCfg = Debug|iPhone
		{BB580EA8-2DCA-40B1-B82D-3E3F183B9B63}.Debug|iPhone.ActiveCfg = Debug|iPhone
		{BB580EA8-2DCA-40B1-B82D-3E3F183B9B63}.Debug|iPhone.Build.0 = Debug|iPhone
		{BB580EA8-2DCA-40B1-B82D-3E3F183B9B63}.Debug|iPhoneSimulator.ActiveCfg = Debug|iPhoneSimulator
		{BB580EA8-2DCA-40B1-B82D-3E3F183B9B63}.Debug|iPhoneSimulator.Build.0 = Debug|iPhoneSimulator
		{BB580EA8-2DCA-40B1-B82D-3E3F183B9B63}.Debug|x64.ActiveCfg = Debug|iPhone
		{BB580EA8-2DCA-40B1-B82D-3E3F183B9B63}.Debug|x86.ActiveCfg = Debug|iPhone
		{BB580EA8-2DCA-40B1-B82D-3E3F183B9B63}.Release|Any CPU.ActiveCfg = Release|iPhone
		{BB580EA8-2DCA-40B1-B82D-3E3F183B9B63}.Release|ARM.ActiveCfg = Release|iPhone
		{BB580EA8-2DCA-40B1-B82D-3E3F183B9B63}.Release|iPhone.ActiveCfg = Release|iPhone
		{BB580EA8-2DCA-40B1-B82D-3E3F183B9B63}.Release|iPhone.Build.0 = Release|iPhone
		{BB580EA8-2DCA-40B1-B82D-3E3F183B9B63}.Release|iPhoneSimulator.ActiveCfg = Release|iPhoneSimulator
		{BB580EA8-2DCA-40B1-B82D-3E3F183B9B63}.Release|iPhoneSimulator.Build.0 = Release|iPhoneSimulator
		{BB580EA8-2DCA-40B1-B82D-3E3F183B9B63}.Release|x64.ActiveCfg = Release|iPhone
		{BB580EA8-2DCA-40B1-B82D-3E3F183B9B63}.Release|x86.ActiveCfg = Release|iPhone
		{6A4B7EC3-4478-4202-8DCD-12372BE3FBE1}.Ad-Hoc|Any CPU.ActiveCfg = Release|x86
		{6A4B7EC3-4478-4202-8DCD-12372BE3FBE1}.Ad-Hoc|Any CPU.Build.0 = Release|x86
		{6A4B7EC3-4478-4202-8DCD-12372BE3FBE1}.Ad-Hoc|Any CPU.Deploy.0 = Release|x86
		{6A4B7EC3-4478-4202-8DCD-12372BE3FBE1}.Ad-Hoc|ARM.ActiveCfg = Release|ARM
		{6A4B7EC3-4478-4202-8DCD-12372BE3FBE1}.Ad-Hoc|ARM.Build.0 = Release|ARM
		{6A4B7EC3-4478-4202-8DCD-12372BE3FBE1}.Ad-Hoc|ARM.Deploy.0 = Release|ARM
		{6A4B7EC3-4478-4202-8DCD-12372BE3FBE1}.Ad-Hoc|iPhone.ActiveCfg = Release|x86
		{6A4B7EC3-4478-4202-8DCD-12372BE3FBE1}.Ad-Hoc|iPhone.Build.0 = Release|x86
		{6A4B7EC3-4478-4202-8DCD-12372BE3FBE1}.Ad-Hoc|iPhone.Deploy.0 = Release|x86
		{6A4B7EC3-4478-4202-8DCD-12372BE3FBE1}.Ad-Hoc|iPhoneSimulator.ActiveCfg = Release|x86
		{6A4B7EC3-4478-4202-8DCD-12372BE3FBE1}.Ad-Hoc|iPhoneSimulator.Build.0 = Release|x86
		{6A4B7EC3-4478-4202-8DCD-12372BE3FBE1}.Ad-Hoc|iPhoneSimulator.Deploy.0 = Release|x86
		{6A4B7EC3-4478-4202-8DCD-12372BE3FBE1}.Ad-Hoc|x64.ActiveCfg = Release|x64
		{6A4B7EC3-4478-4202-8DCD-12372BE3FBE1}.Ad-Hoc|x64.Build.0 = Release|x64
		{6A4B7EC3-4478-4202-8DCD-12372BE3FBE1}.Ad-Hoc|x64.Deploy.0 = Release|x64
		{6A4B7EC3-4478-4202-8DCD-12372BE3FBE1}.Ad-Hoc|x86.ActiveCfg = Release|x86
		{6A4B7EC3-4478-4202-8DCD-12372BE3FBE1}.Ad-Hoc|x86.Build.0 = Release|x86
		{6A4B7EC3-4478-4202-8DCD-12372BE3FBE1}.Ad-Hoc|x86.Deploy.0 = Release|x86
		{6A4B7EC3-4478-4202-8DCD-12372BE3FBE1}.AppStore|Any CPU.ActiveCfg = Release|x86
		{6A4B7EC3-4478-4202-8DCD-12372BE3FBE1}.AppStore|Any CPU.Build.0 = Release|x86
		{6A4B7EC3-4478-4202-8DCD-12372BE3FBE1}.AppStore|Any CPU.Deploy.0 = Release|x86
		{6A4B7EC3-4478-4202-8DCD-12372BE3FBE1}.AppStore|ARM.ActiveCfg = Release|ARM
		{6A4B7EC3-4478-4202-8DCD-12372BE3FBE1}.AppStore|ARM.Build.0 = Release|ARM
		{6A4B7EC3-4478-4202-8DCD-12372BE3FBE1}.AppStore|ARM.Deploy.0 = Release|ARM
		{6A4B7EC3-4478-4202-8DCD-12372BE3FBE1}.AppStore|iPhone.ActiveCfg = Release|x86
		{6A4B7EC3-4478-4202-8DCD-12372BE3FBE1}.AppStore|iPhone.Build.0 = Release|x86
		{6A4B7EC3-4478-4202-8DCD-12372BE3FBE1}.AppStore|iPhone.Deploy.0 = Release|x86
		{6A4B7EC3-4478-4202-8DCD-12372BE3FBE1}.AppStore|iPhoneSimulator.ActiveCfg = Release|x86
		{6A4B7EC3-4478-4202-8DCD-12372BE3FBE1}.AppStore|iPhoneSimulator.Build.0 = Release|x86
		{6A4B7EC3-4478-4202-8DCD-12372BE3FBE1}.AppStore|iPhoneSimulator.Deploy.0 = Release|x86
		{6A4B7EC3-4478-4202-8DCD-12372BE3FBE1}.AppStore|x64.ActiveCfg = Release|x64
		{6A4B7EC3-4478-4202-8DCD-12372BE3FBE1}.AppStore|x64.Build.0 = Release|x64
		{6A4B7EC3-4478-4202-8DCD-12372BE3FBE1}.AppStore|x64.Deploy.0 = Release|x64
		{6A4B7EC3-4478-4202-8DCD-12372BE3FBE1}.AppStore|x86.ActiveCfg = Release|x86
		{6A4B7EC3-4478-4202-8DCD-12372BE3FBE1}.AppStore|x86.Build.0 = Release|x86
		{6A4B7EC3-4478-4202-8DCD-12372BE3FBE1}.AppStore|x86.Deploy.0 = Release|x86
		{6A4B7EC3-4478-4202-8DCD-12372BE3FBE1}.Debug|Any CPU.ActiveCfg = Debug|x86
		{6A4B7EC3-4478-4202-8DCD-12372BE3FBE1}.Debug|ARM.ActiveCfg = Debug|ARM
		{6A4B7EC3-4478-4202-8DCD-12372BE3FBE1}.Debug|ARM.Build.0 = Debug|ARM
		{6A4B7EC3-4478-4202-8DCD-12372BE3FBE1}.Debug|ARM.Deploy.0 = Debug|ARM
		{6A4B7EC3-4478-4202-8DCD-12372BE3FBE1}.Debug|iPhone.ActiveCfg = Debug|x86
		{6A4B7EC3-4478-4202-8DCD-12372BE3FBE1}.Debug|iPhoneSimulator.ActiveCfg = Debug|x86
		{6A4B7EC3-4478-4202-8DCD-12372BE3FBE1}.Debug|x64.ActiveCfg = Debug|x64
		{6A4B7EC3-4478-4202-8DCD-12372BE3FBE1}.Debug|x64.Build.0 = Debug|x64
		{6A4B7EC3-4478-4202-8DCD-12372BE3FBE1}.Debug|x64.Deploy.0 = Debug|x64
		{6A4B7EC3-4478-4202-8DCD-12372BE3FBE1}.Debug|x86.ActiveCfg = Debug|x86
		{6A4B7EC3-4478-4202-8DCD-12372BE3FBE1}.Debug|x86.Build.0 = Debug|x86
		{6A4B7EC3-4478-4202-8DCD-12372BE3FBE1}.Debug|x86.Deploy.0 = Debug|x86
		{6A4B7EC3-4478-4202-8DCD-12372BE3FBE1}.Release|Any CPU.ActiveCfg = Release|x86
		{6A4B7EC3-4478-4202-8DCD-12372BE3FBE1}.Release|ARM.ActiveCfg = Release|ARM
		{6A4B7EC3-4478-4202-8DCD-12372BE3FBE1}.Release|ARM.Build.0 = Release|ARM
		{6A4B7EC3-4478-4202-8DCD-12372BE3FBE1}.Release|ARM.Deploy.0 = Release|ARM
		{6A4B7EC3-4478-4202-8DCD-12372BE3FBE1}.Release|iPhone.ActiveCfg = Release|x86
		{6A4B7EC3-4478-4202-8DCD-12372BE3FBE1}.Release|iPhoneSimulator.ActiveCfg = Release|x86
		{6A4B7EC3-4478-4202-8DCD-12372BE3FBE1}.Release|x64.ActiveCfg = Release|x64
		{6A4B7EC3-4478-4202-8DCD-12372BE3FBE1}.Release|x64.Build.0 = Release|x64
		{6A4B7EC3-4478-4202-8DCD-12372BE3FBE1}.Release|x64.Deploy.0 = Release|x64
		{6A4B7EC3-4478-4202-8DCD-12372BE3FBE1}.Release|x86.ActiveCfg = Release|x86
		{6A4B7EC3-4478-4202-8DCD-12372BE3FBE1}.Release|x86.Build.0 = Release|x86
		{6A4B7EC3-4478-4202-8DCD-12372BE3FBE1}.Release|x86.Deploy.0 = Release|x86
		{DD67F8C1-9793-4EC5-B61C-5B70A1DAC411}.Ad-Hoc|Any CPU.ActiveCfg = Release|Any CPU
		{DD67F8C1-9793-4EC5-B61C-5B70A1DAC411}.Ad-Hoc|Any CPU.Build.0 = Release|Any CPU
		{DD67F8C1-9793-4EC5-B61C-5B70A1DAC411}.Ad-Hoc|ARM.ActiveCfg = Release|Any CPU
		{DD67F8C1-9793-4EC5-B61C-5B70A1DAC411}.Ad-Hoc|ARM.Build.0 = Release|Any CPU
		{DD67F8C1-9793-4EC5-B61C-5B70A1DAC411}.Ad-Hoc|iPhone.ActiveCfg = Release|Any CPU
		{DD67F8C1-9793-4EC5-B61C-5B70A1DAC411}.Ad-Hoc|iPhone.Build.0 = Release|Any CPU
		{DD67F8C1-9793-4EC5-B61C-5B70A1DAC411}.Ad-Hoc|iPhoneSimulator.ActiveCfg = Release|Any CPU
		{DD67F8C1-9793-4EC5-B61C-5B70A1DAC411}.Ad-Hoc|iPhoneSimulator.Build.0 = Release|Any CPU
		{DD67F8C1-9793-4EC5-B61C-5B70A1DAC411}.Ad-Hoc|x64.ActiveCfg = Release|Any CPU
		{DD67F8C1-9793-4EC5-B61C-5B70A1DAC411}.Ad-Hoc|x64.Build.0 = Release|Any CPU
		{DD67F8C1-9793-4EC5-B61C-5B70A1DAC411}.Ad-Hoc|x86.ActiveCfg = Release|Any CPU
		{DD67F8C1-9793-4EC5-B61C-5B70A1DAC411}.Ad-Hoc|x86.Build.0 = Release|Any CPU
		{DD67F8C1-9793-4EC5-B61C-5B70A1DAC411}.AppStore|Any CPU.ActiveCfg = Release|Any CPU
		{DD67F8C1-9793-4EC5-B61C-5B70A1DAC411}.AppStore|Any CPU.Build.0 = Release|Any CPU
		{DD67F8C1-9793-4EC5-B61C-5B70A1DAC411}.AppStore|ARM.ActiveCfg = Release|Any CPU
		{DD67F8C1-9793-4EC5-B61C-5B70A1DAC411}.AppStore|ARM.Build.0 = Release|Any CPU
		{DD67F8C1-9793-4EC5-B61C-5B70A1DAC411}.AppStore|iPhone.ActiveCfg = Release|Any CPU
		{DD67F8C1-9793-4EC5-B61C-5B70A1DAC411}.AppStore|iPhone.Build.0 = Release|Any CPU
		{DD67F8C1-9793-4EC5-B61C-5B70A1DAC411}.AppStore|iPhoneSimulator.ActiveCfg = Release|Any CPU
		{DD67F8C1-9793-4EC5-B61C-5B70A1DAC411}.AppStore|iPhoneSimulator.Build.0 = Release|Any CPU
		{DD67F8C1-9793-4EC5-B61C-5B70A1DAC411}.AppStore|x64.ActiveCfg = Release|Any CPU
		{DD67F8C1-9793-4EC5-B61C-5B70A1DAC411}.AppStore|x64.Build.0 = Release|Any CPU
		{DD67F8C1-9793-4EC5-B61C-5B70A1DAC411}.AppStore|x86.ActiveCfg = Release|Any CPU
		{DD67F8C1-9793-4EC5-B61C-5B70A1DAC411}.AppStore|x86.Build.0 = Release|Any CPU
		{DD67F8C1-9793-4EC5-B61C-5B70A1DAC411}.Debug|Any CPU.ActiveCfg = Debug|Any CPU
		{DD67F8C1-9793-4EC5-B61C-5B70A1DAC411}.Debug|Any CPU.Build.0 = Debug|Any CPU
		{DD67F8C1-9793-4EC5-B61C-5B70A1DAC411}.Debug|ARM.ActiveCfg = Debug|Any CPU
		{DD67F8C1-9793-4EC5-B61C-5B70A1DAC411}.Debug|ARM.Build.0 = Debug|Any CPU
		{DD67F8C1-9793-4EC5-B61C-5B70A1DAC411}.Debug|iPhone.ActiveCfg = Debug|Any CPU
		{DD67F8C1-9793-4EC5-B61C-5B70A1DAC411}.Debug|iPhone.Build.0 = Debug|Any CPU
		{DD67F8C1-9793-4EC5-B61C-5B70A1DAC411}.Debug|iPhoneSimulator.ActiveCfg = Debug|Any CPU
		{DD67F8C1-9793-4EC5-B61C-5B70A1DAC411}.Debug|iPhoneSimulator.Build.0 = Debug|Any CPU
		{DD67F8C1-9793-4EC5-B61C-5B70A1DAC411}.Debug|x64.ActiveCfg = Debug|Any CPU
		{DD67F8C1-9793-4EC5-B61C-5B70A1DAC411}.Debug|x64.Build.0 = Debug|Any CPU
		{DD67F8C1-9793-4EC5-B61C-5B70A1DAC411}.Debug|x86.ActiveCfg = Debug|Any CPU
		{DD67F8C1-9793-4EC5-B61C-5B70A1DAC411}.Debug|x86.Build.0 = Debug|Any CPU
		{DD67F8C1-9793-4EC5-B61C-5B70A1DAC411}.Release|Any CPU.ActiveCfg = Release|Any CPU
		{DD67F8C1-9793-4EC5-B61C-5B70A1DAC411}.Release|Any CPU.Build.0 = Release|Any CPU
		{DD67F8C1-9793-4EC5-B61C-5B70A1DAC411}.Release|ARM.ActiveCfg = Release|Any CPU
		{DD67F8C1-9793-4EC5-B61C-5B70A1DAC411}.Release|ARM.Build.0 = Release|Any CPU
		{DD67F8C1-9793-4EC5-B61C-5B70A1DAC411}.Release|iPhone.ActiveCfg = Release|Any CPU
		{DD67F8C1-9793-4EC5-B61C-5B70A1DAC411}.Release|iPhone.Build.0 = Release|Any CPU
		{DD67F8C1-9793-4EC5-B61C-5B70A1DAC411}.Release|iPhoneSimulator.ActiveCfg = Release|Any CPU
		{DD67F8C1-9793-4EC5-B61C-5B70A1DAC411}.Release|iPhoneSimulator.Build.0 = Release|Any CPU
		{DD67F8C1-9793-4EC5-B61C-5B70A1DAC411}.Release|x64.ActiveCfg = Release|Any CPU
		{DD67F8C1-9793-4EC5-B61C-5B70A1DAC411}.Release|x64.Build.0 = Release|Any CPU
		{DD67F8C1-9793-4EC5-B61C-5B70A1DAC411}.Release|x86.ActiveCfg = Release|Any CPU
		{DD67F8C1-9793-4EC5-B61C-5B70A1DAC411}.Release|x86.Build.0 = Release|Any CPU
		{DC5A57B4-BBA9-41C4-A695-A42AD17D1918}.Ad-Hoc|Any CPU.ActiveCfg = Release|Any CPU
		{DC5A57B4-BBA9-41C4-A695-A42AD17D1918}.Ad-Hoc|Any CPU.Build.0 = Release|Any CPU
		{DC5A57B4-BBA9-41C4-A695-A42AD17D1918}.Ad-Hoc|ARM.ActiveCfg = Release|Any CPU
		{DC5A57B4-BBA9-41C4-A695-A42AD17D1918}.Ad-Hoc|ARM.Build.0 = Release|Any CPU
		{DC5A57B4-BBA9-41C4-A695-A42AD17D1918}.Ad-Hoc|iPhone.ActiveCfg = Release|Any CPU
		{DC5A57B4-BBA9-41C4-A695-A42AD17D1918}.Ad-Hoc|iPhone.Build.0 = Release|Any CPU
		{DC5A57B4-BBA9-41C4-A695-A42AD17D1918}.Ad-Hoc|iPhoneSimulator.ActiveCfg = Release|Any CPU
		{DC5A57B4-BBA9-41C4-A695-A42AD17D1918}.Ad-Hoc|iPhoneSimulator.Build.0 = Release|Any CPU
		{DC5A57B4-BBA9-41C4-A695-A42AD17D1918}.Ad-Hoc|x64.ActiveCfg = Release|Any CPU
		{DC5A57B4-BBA9-41C4-A695-A42AD17D1918}.Ad-Hoc|x64.Build.0 = Release|Any CPU
		{DC5A57B4-BBA9-41C4-A695-A42AD17D1918}.Ad-Hoc|x86.ActiveCfg = Release|Any CPU
		{DC5A57B4-BBA9-41C4-A695-A42AD17D1918}.Ad-Hoc|x86.Build.0 = Release|Any CPU
		{DC5A57B4-BBA9-41C4-A695-A42AD17D1918}.AppStore|Any CPU.ActiveCfg = Release|Any CPU
		{DC5A57B4-BBA9-41C4-A695-A42AD17D1918}.AppStore|Any CPU.Build.0 = Release|Any CPU
		{DC5A57B4-BBA9-41C4-A695-A42AD17D1918}.AppStore|ARM.ActiveCfg = Release|Any CPU
		{DC5A57B4-BBA9-41C4-A695-A42AD17D1918}.AppStore|ARM.Build.0 = Release|Any CPU
		{DC5A57B4-BBA9-41C4-A695-A42AD17D1918}.AppStore|iPhone.ActiveCfg = Release|Any CPU
		{DC5A57B4-BBA9-41C4-A695-A42AD17D1918}.AppStore|iPhone.Build.0 = Release|Any CPU
		{DC5A57B4-BBA9-41C4-A695-A42AD17D1918}.AppStore|iPhoneSimulator.ActiveCfg = Release|Any CPU
		{DC5A57B4-BBA9-41C4-A695-A42AD17D1918}.AppStore|iPhoneSimulator.Build.0 = Release|Any CPU
		{DC5A57B4-BBA9-41C4-A695-A42AD17D1918}.AppStore|x64.ActiveCfg = Release|Any CPU
		{DC5A57B4-BBA9-41C4-A695-A42AD17D1918}.AppStore|x64.Build.0 = Release|Any CPU
		{DC5A57B4-BBA9-41C4-A695-A42AD17D1918}.AppStore|x86.ActiveCfg = Release|Any CPU
		{DC5A57B4-BBA9-41C4-A695-A42AD17D1918}.AppStore|x86.Build.0 = Release|Any CPU
		{DC5A57B4-BBA9-41C4-A695-A42AD17D1918}.Debug|Any CPU.ActiveCfg = Debug|Any CPU
		{DC5A57B4-BBA9-41C4-A695-A42AD17D1918}.Debug|Any CPU.Build.0 = Debug|Any CPU
		{DC5A57B4-BBA9-41C4-A695-A42AD17D1918}.Debug|ARM.ActiveCfg = Debug|Any CPU
		{DC5A57B4-BBA9-41C4-A695-A42AD17D1918}.Debug|ARM.Build.0 = Debug|Any CPU
		{DC5A57B4-BBA9-41C4-A695-A42AD17D1918}.Debug|iPhone.ActiveCfg = Debug|Any CPU
		{DC5A57B4-BBA9-41C4-A695-A42AD17D1918}.Debug|iPhone.Build.0 = Debug|Any CPU
		{DC5A57B4-BBA9-41C4-A695-A42AD17D1918}.Debug|iPhoneSimulator.ActiveCfg = Debug|Any CPU
		{DC5A57B4-BBA9-41C4-A695-A42AD17D1918}.Debug|iPhoneSimulator.Build.0 = Debug|Any CPU
		{DC5A57B4-BBA9-41C4-A695-A42AD17D1918}.Debug|x64.ActiveCfg = Debug|Any CPU
		{DC5A57B4-BBA9-41C4-A695-A42AD17D1918}.Debug|x64.Build.0 = Debug|Any CPU
		{DC5A57B4-BBA9-41C4-A695-A42AD17D1918}.Debug|x86.ActiveCfg = Debug|Any CPU
		{DC5A57B4-BBA9-41C4-A695-A42AD17D1918}.Debug|x86.Build.0 = Debug|Any CPU
		{DC5A57B4-BBA9-41C4-A695-A42AD17D1918}.Release|Any CPU.ActiveCfg = Release|Any CPU
		{DC5A57B4-BBA9-41C4-A695-A42AD17D1918}.Release|Any CPU.Build.0 = Release|Any CPU
		{DC5A57B4-BBA9-41C4-A695-A42AD17D1918}.Release|ARM.ActiveCfg = Release|Any CPU
		{DC5A57B4-BBA9-41C4-A695-A42AD17D1918}.Release|ARM.Build.0 = Release|Any CPU
		{DC5A57B4-BBA9-41C4-A695-A42AD17D1918}.Release|iPhone.ActiveCfg = Release|Any CPU
		{DC5A57B4-BBA9-41C4-A695-A42AD17D1918}.Release|iPhone.Build.0 = Release|Any CPU
		{DC5A57B4-BBA9-41C4-A695-A42AD17D1918}.Release|iPhoneSimulator.ActiveCfg = Release|Any CPU
		{DC5A57B4-BBA9-41C4-A695-A42AD17D1918}.Release|iPhoneSimulator.Build.0 = Release|Any CPU
		{DC5A57B4-BBA9-41C4-A695-A42AD17D1918}.Release|x64.ActiveCfg = Release|Any CPU
		{DC5A57B4-BBA9-41C4-A695-A42AD17D1918}.Release|x64.Build.0 = Release|Any CPU
		{DC5A57B4-BBA9-41C4-A695-A42AD17D1918}.Release|x86.ActiveCfg = Release|Any CPU
		{DC5A57B4-BBA9-41C4-A695-A42AD17D1918}.Release|x86.Build.0 = Release|Any CPU
		{CA4EC946-AD64-4A70-B16B-EFACFE440695}.Ad-Hoc|Any CPU.ActiveCfg = Release|Any CPU
		{CA4EC946-AD64-4A70-B16B-EFACFE440695}.Ad-Hoc|Any CPU.Build.0 = Release|Any CPU
		{CA4EC946-AD64-4A70-B16B-EFACFE440695}.Ad-Hoc|ARM.ActiveCfg = Release|Any CPU
		{CA4EC946-AD64-4A70-B16B-EFACFE440695}.Ad-Hoc|ARM.Build.0 = Release|Any CPU
		{CA4EC946-AD64-4A70-B16B-EFACFE440695}.Ad-Hoc|iPhone.ActiveCfg = Release|Any CPU
		{CA4EC946-AD64-4A70-B16B-EFACFE440695}.Ad-Hoc|iPhone.Build.0 = Release|Any CPU
		{CA4EC946-AD64-4A70-B16B-EFACFE440695}.Ad-Hoc|iPhoneSimulator.ActiveCfg = Release|Any CPU
		{CA4EC946-AD64-4A70-B16B-EFACFE440695}.Ad-Hoc|iPhoneSimulator.Build.0 = Release|Any CPU
		{CA4EC946-AD64-4A70-B16B-EFACFE440695}.Ad-Hoc|x64.ActiveCfg = Release|Any CPU
		{CA4EC946-AD64-4A70-B16B-EFACFE440695}.Ad-Hoc|x64.Build.0 = Release|Any CPU
		{CA4EC946-AD64-4A70-B16B-EFACFE440695}.Ad-Hoc|x86.ActiveCfg = Release|Any CPU
		{CA4EC946-AD64-4A70-B16B-EFACFE440695}.Ad-Hoc|x86.Build.0 = Release|Any CPU
		{CA4EC946-AD64-4A70-B16B-EFACFE440695}.AppStore|Any CPU.ActiveCfg = Release|Any CPU
		{CA4EC946-AD64-4A70-B16B-EFACFE440695}.AppStore|Any CPU.Build.0 = Release|Any CPU
		{CA4EC946-AD64-4A70-B16B-EFACFE440695}.AppStore|ARM.ActiveCfg = Release|Any CPU
		{CA4EC946-AD64-4A70-B16B-EFACFE440695}.AppStore|ARM.Build.0 = Release|Any CPU
		{CA4EC946-AD64-4A70-B16B-EFACFE440695}.AppStore|iPhone.ActiveCfg = Release|Any CPU
		{CA4EC946-AD64-4A70-B16B-EFACFE440695}.AppStore|iPhone.Build.0 = Release|Any CPU
		{CA4EC946-AD64-4A70-B16B-EFACFE440695}.AppStore|iPhoneSimulator.ActiveCfg = Release|Any CPU
		{CA4EC946-AD64-4A70-B16B-EFACFE440695}.AppStore|iPhoneSimulator.Build.0 = Release|Any CPU
		{CA4EC946-AD64-4A70-B16B-EFACFE440695}.AppStore|x64.ActiveCfg = Release|Any CPU
		{CA4EC946-AD64-4A70-B16B-EFACFE440695}.AppStore|x64.Build.0 = Release|Any CPU
		{CA4EC946-AD64-4A70-B16B-EFACFE440695}.AppStore|x86.ActiveCfg = Release|Any CPU
		{CA4EC946-AD64-4A70-B16B-EFACFE440695}.AppStore|x86.Build.0 = Release|Any CPU
		{CA4EC946-AD64-4A70-B16B-EFACFE440695}.Debug|Any CPU.ActiveCfg = Debug|Any CPU
		{CA4EC946-AD64-4A70-B16B-EFACFE440695}.Debug|Any CPU.Build.0 = Debug|Any CPU
		{CA4EC946-AD64-4A70-B16B-EFACFE440695}.Debug|Any CPU.Deploy.0 = Debug|Any CPU
		{CA4EC946-AD64-4A70-B16B-EFACFE440695}.Debug|ARM.ActiveCfg = Debug|Any CPU
		{CA4EC946-AD64-4A70-B16B-EFACFE440695}.Debug|ARM.Build.0 = Debug|Any CPU
		{CA4EC946-AD64-4A70-B16B-EFACFE440695}.Debug|iPhone.ActiveCfg = Debug|Any CPU
		{CA4EC946-AD64-4A70-B16B-EFACFE440695}.Debug|iPhone.Build.0 = Debug|Any CPU
		{CA4EC946-AD64-4A70-B16B-EFACFE440695}.Debug|iPhoneSimulator.ActiveCfg = Debug|Any CPU
		{CA4EC946-AD64-4A70-B16B-EFACFE440695}.Debug|iPhoneSimulator.Build.0 = Debug|Any CPU
		{CA4EC946-AD64-4A70-B16B-EFACFE440695}.Debug|x64.ActiveCfg = Debug|Any CPU
		{CA4EC946-AD64-4A70-B16B-EFACFE440695}.Debug|x64.Build.0 = Debug|Any CPU
		{CA4EC946-AD64-4A70-B16B-EFACFE440695}.Debug|x86.ActiveCfg = Debug|Any CPU
		{CA4EC946-AD64-4A70-B16B-EFACFE440695}.Debug|x86.Build.0 = Debug|Any CPU
		{CA4EC946-AD64-4A70-B16B-EFACFE440695}.Release|Any CPU.ActiveCfg = Release|Any CPU
		{CA4EC946-AD64-4A70-B16B-EFACFE440695}.Release|Any CPU.Build.0 = Release|Any CPU
		{CA4EC946-AD64-4A70-B16B-EFACFE440695}.Release|Any CPU.Deploy.0 = Release|Any CPU
		{CA4EC946-AD64-4A70-B16B-EFACFE440695}.Release|ARM.ActiveCfg = Release|Any CPU
		{CA4EC946-AD64-4A70-B16B-EFACFE440695}.Release|ARM.Build.0 = Release|Any CPU
		{CA4EC946-AD64-4A70-B16B-EFACFE440695}.Release|iPhone.ActiveCfg = Release|Any CPU
		{CA4EC946-AD64-4A70-B16B-EFACFE440695}.Release|iPhone.Build.0 = Release|Any CPU
		{CA4EC946-AD64-4A70-B16B-EFACFE440695}.Release|iPhoneSimulator.ActiveCfg = Release|Any CPU
		{CA4EC946-AD64-4A70-B16B-EFACFE440695}.Release|iPhoneSimulator.Build.0 = Release|Any CPU
		{CA4EC946-AD64-4A70-B16B-EFACFE440695}.Release|x64.ActiveCfg = Release|Any CPU
		{CA4EC946-AD64-4A70-B16B-EFACFE440695}.Release|x64.Build.0 = Release|Any CPU
		{CA4EC946-AD64-4A70-B16B-EFACFE440695}.Release|x86.ActiveCfg = Release|Any CPU
		{CA4EC946-AD64-4A70-B16B-EFACFE440695}.Release|x86.Build.0 = Release|Any CPU
		{6B364993-D6F7-4150-A264-EFAC7CC890DB}.Ad-Hoc|Any CPU.ActiveCfg = Release|Any CPU
		{6B364993-D6F7-4150-A264-EFAC7CC890DB}.Ad-Hoc|Any CPU.Build.0 = Release|Any CPU
		{6B364993-D6F7-4150-A264-EFAC7CC890DB}.Ad-Hoc|ARM.ActiveCfg = Release|Any CPU
		{6B364993-D6F7-4150-A264-EFAC7CC890DB}.Ad-Hoc|ARM.Build.0 = Release|Any CPU
		{6B364993-D6F7-4150-A264-EFAC7CC890DB}.Ad-Hoc|iPhone.ActiveCfg = Release|Any CPU
		{6B364993-D6F7-4150-A264-EFAC7CC890DB}.Ad-Hoc|iPhone.Build.0 = Release|Any CPU
		{6B364993-D6F7-4150-A264-EFAC7CC890DB}.Ad-Hoc|iPhoneSimulator.ActiveCfg = Release|Any CPU
		{6B364993-D6F7-4150-A264-EFAC7CC890DB}.Ad-Hoc|iPhoneSimulator.Build.0 = Release|Any CPU
		{6B364993-D6F7-4150-A264-EFAC7CC890DB}.Ad-Hoc|x64.ActiveCfg = Release|Any CPU
		{6B364993-D6F7-4150-A264-EFAC7CC890DB}.Ad-Hoc|x64.Build.0 = Release|Any CPU
		{6B364993-D6F7-4150-A264-EFAC7CC890DB}.Ad-Hoc|x86.ActiveCfg = Release|Any CPU
		{6B364993-D6F7-4150-A264-EFAC7CC890DB}.Ad-Hoc|x86.Build.0 = Release|Any CPU
		{6B364993-D6F7-4150-A264-EFAC7CC890DB}.AppStore|Any CPU.ActiveCfg = Release|Any CPU
		{6B364993-D6F7-4150-A264-EFAC7CC890DB}.AppStore|Any CPU.Build.0 = Release|Any CPU
		{6B364993-D6F7-4150-A264-EFAC7CC890DB}.AppStore|ARM.ActiveCfg = Release|Any CPU
		{6B364993-D6F7-4150-A264-EFAC7CC890DB}.AppStore|ARM.Build.0 = Release|Any CPU
		{6B364993-D6F7-4150-A264-EFAC7CC890DB}.AppStore|iPhone.ActiveCfg = Release|Any CPU
		{6B364993-D6F7-4150-A264-EFAC7CC890DB}.AppStore|iPhone.Build.0 = Release|Any CPU
		{6B364993-D6F7-4150-A264-EFAC7CC890DB}.AppStore|iPhoneSimulator.ActiveCfg = Release|Any CPU
		{6B364993-D6F7-4150-A264-EFAC7CC890DB}.AppStore|iPhoneSimulator.Build.0 = Release|Any CPU
		{6B364993-D6F7-4150-A264-EFAC7CC890DB}.AppStore|x64.ActiveCfg = Release|Any CPU
		{6B364993-D6F7-4150-A264-EFAC7CC890DB}.AppStore|x64.Build.0 = Release|Any CPU
		{6B364993-D6F7-4150-A264-EFAC7CC890DB}.AppStore|x86.ActiveCfg = Release|Any CPU
		{6B364993-D6F7-4150-A264-EFAC7CC890DB}.AppStore|x86.Build.0 = Release|Any CPU
		{6B364993-D6F7-4150-A264-EFAC7CC890DB}.Debug|Any CPU.ActiveCfg = Debug|Any CPU
		{6B364993-D6F7-4150-A264-EFAC7CC890DB}.Debug|Any CPU.Build.0 = Debug|Any CPU
		{6B364993-D6F7-4150-A264-EFAC7CC890DB}.Debug|ARM.ActiveCfg = Debug|Any CPU
		{6B364993-D6F7-4150-A264-EFAC7CC890DB}.Debug|ARM.Build.0 = Debug|Any CPU
		{6B364993-D6F7-4150-A264-EFAC7CC890DB}.Debug|iPhone.ActiveCfg = Debug|Any CPU
		{6B364993-D6F7-4150-A264-EFAC7CC890DB}.Debug|iPhone.Build.0 = Debug|Any CPU
		{6B364993-D6F7-4150-A264-EFAC7CC890DB}.Debug|iPhoneSimulator.ActiveCfg = Debug|Any CPU
		{6B364993-D6F7-4150-A264-EFAC7CC890DB}.Debug|iPhoneSimulator.Build.0 = Debug|Any CPU
		{6B364993-D6F7-4150-A264-EFAC7CC890DB}.Debug|x64.ActiveCfg = Debug|Any CPU
		{6B364993-D6F7-4150-A264-EFAC7CC890DB}.Debug|x64.Build.0 = Debug|Any CPU
		{6B364993-D6F7-4150-A264-EFAC7CC890DB}.Debug|x86.ActiveCfg = Debug|Any CPU
		{6B364993-D6F7-4150-A264-EFAC7CC890DB}.Debug|x86.Build.0 = Debug|Any CPU
		{6B364993-D6F7-4150-A264-EFAC7CC890DB}.Release|Any CPU.ActiveCfg = Release|Any CPU
		{6B364993-D6F7-4150-A264-EFAC7CC890DB}.Release|Any CPU.Build.0 = Release|Any CPU
		{6B364993-D6F7-4150-A264-EFAC7CC890DB}.Release|ARM.ActiveCfg = Release|Any CPU
		{6B364993-D6F7-4150-A264-EFAC7CC890DB}.Release|ARM.Build.0 = Release|Any CPU
		{6B364993-D6F7-4150-A264-EFAC7CC890DB}.Release|iPhone.ActiveCfg = Release|Any CPU
		{6B364993-D6F7-4150-A264-EFAC7CC890DB}.Release|iPhone.Build.0 = Release|Any CPU
		{6B364993-D6F7-4150-A264-EFAC7CC890DB}.Release|iPhoneSimulator.ActiveCfg = Release|Any CPU
		{6B364993-D6F7-4150-A264-EFAC7CC890DB}.Release|iPhoneSimulator.Build.0 = Release|Any CPU
		{6B364993-D6F7-4150-A264-EFAC7CC890DB}.Release|x64.ActiveCfg = Release|Any CPU
		{6B364993-D6F7-4150-A264-EFAC7CC890DB}.Release|x64.Build.0 = Release|Any CPU
		{6B364993-D6F7-4150-A264-EFAC7CC890DB}.Release|x86.ActiveCfg = Release|Any CPU
		{6B364993-D6F7-4150-A264-EFAC7CC890DB}.Release|x86.Build.0 = Release|Any CPU
		{FA3FBAFE-EC6F-4A9C-8DD9-4F2D418C5DE6}.Ad-Hoc|Any CPU.ActiveCfg = Release|x64
		{FA3FBAFE-EC6F-4A9C-8DD9-4F2D418C5DE6}.Ad-Hoc|Any CPU.Build.0 = Release|x64
		{FA3FBAFE-EC6F-4A9C-8DD9-4F2D418C5DE6}.Ad-Hoc|Any CPU.Deploy.0 = Release|x64
		{FA3FBAFE-EC6F-4A9C-8DD9-4F2D418C5DE6}.Ad-Hoc|ARM.ActiveCfg = Release|ARM
		{FA3FBAFE-EC6F-4A9C-8DD9-4F2D418C5DE6}.Ad-Hoc|ARM.Build.0 = Release|ARM
		{FA3FBAFE-EC6F-4A9C-8DD9-4F2D418C5DE6}.Ad-Hoc|ARM.Deploy.0 = Release|ARM
		{FA3FBAFE-EC6F-4A9C-8DD9-4F2D418C5DE6}.Ad-Hoc|ARM64.ActiveCfg = Release|ARM64
		{FA3FBAFE-EC6F-4A9C-8DD9-4F2D418C5DE6}.Ad-Hoc|ARM64.Build.0 = Release|ARM64
		{FA3FBAFE-EC6F-4A9C-8DD9-4F2D418C5DE6}.Ad-Hoc|ARM64.Deploy.0 = Release|ARM64
		{FA3FBAFE-EC6F-4A9C-8DD9-4F2D418C5DE6}.Ad-Hoc|iPhone.ActiveCfg = Release|x64
		{FA3FBAFE-EC6F-4A9C-8DD9-4F2D418C5DE6}.Ad-Hoc|iPhone.Build.0 = Release|x64
		{FA3FBAFE-EC6F-4A9C-8DD9-4F2D418C5DE6}.Ad-Hoc|iPhone.Deploy.0 = Release|x64
		{FA3FBAFE-EC6F-4A9C-8DD9-4F2D418C5DE6}.Ad-Hoc|iPhoneSimulator.ActiveCfg = Release|x64
		{FA3FBAFE-EC6F-4A9C-8DD9-4F2D418C5DE6}.Ad-Hoc|iPhoneSimulator.Build.0 = Release|x64
		{FA3FBAFE-EC6F-4A9C-8DD9-4F2D418C5DE6}.Ad-Hoc|iPhoneSimulator.Deploy.0 = Release|x64
		{FA3FBAFE-EC6F-4A9C-8DD9-4F2D418C5DE6}.Ad-Hoc|x64.ActiveCfg = Release|x64
		{FA3FBAFE-EC6F-4A9C-8DD9-4F2D418C5DE6}.Ad-Hoc|x64.Build.0 = Release|x64
		{FA3FBAFE-EC6F-4A9C-8DD9-4F2D418C5DE6}.Ad-Hoc|x64.Deploy.0 = Release|x64
		{FA3FBAFE-EC6F-4A9C-8DD9-4F2D418C5DE6}.Ad-Hoc|x86.ActiveCfg = Release|x86
		{FA3FBAFE-EC6F-4A9C-8DD9-4F2D418C5DE6}.Ad-Hoc|x86.Build.0 = Release|x86
		{FA3FBAFE-EC6F-4A9C-8DD9-4F2D418C5DE6}.Ad-Hoc|x86.Deploy.0 = Release|x86
		{FA3FBAFE-EC6F-4A9C-8DD9-4F2D418C5DE6}.AppStore|Any CPU.ActiveCfg = Release|x64
		{FA3FBAFE-EC6F-4A9C-8DD9-4F2D418C5DE6}.AppStore|Any CPU.Build.0 = Release|x64
		{FA3FBAFE-EC6F-4A9C-8DD9-4F2D418C5DE6}.AppStore|Any CPU.Deploy.0 = Release|x64
		{FA3FBAFE-EC6F-4A9C-8DD9-4F2D418C5DE6}.AppStore|ARM.ActiveCfg = Release|ARM
		{FA3FBAFE-EC6F-4A9C-8DD9-4F2D418C5DE6}.AppStore|ARM.Build.0 = Release|ARM
		{FA3FBAFE-EC6F-4A9C-8DD9-4F2D418C5DE6}.AppStore|ARM.Deploy.0 = Release|ARM
		{FA3FBAFE-EC6F-4A9C-8DD9-4F2D418C5DE6}.AppStore|ARM64.ActiveCfg = Release|ARM64
		{FA3FBAFE-EC6F-4A9C-8DD9-4F2D418C5DE6}.AppStore|ARM64.Build.0 = Release|ARM64
		{FA3FBAFE-EC6F-4A9C-8DD9-4F2D418C5DE6}.AppStore|ARM64.Deploy.0 = Release|ARM64
		{FA3FBAFE-EC6F-4A9C-8DD9-4F2D418C5DE6}.AppStore|iPhone.ActiveCfg = Release|x64
		{FA3FBAFE-EC6F-4A9C-8DD9-4F2D418C5DE6}.AppStore|iPhone.Build.0 = Release|x64
		{FA3FBAFE-EC6F-4A9C-8DD9-4F2D418C5DE6}.AppStore|iPhone.Deploy.0 = Release|x64
		{FA3FBAFE-EC6F-4A9C-8DD9-4F2D418C5DE6}.AppStore|iPhoneSimulator.ActiveCfg = Release|x64
		{FA3FBAFE-EC6F-4A9C-8DD9-4F2D418C5DE6}.AppStore|iPhoneSimulator.Build.0 = Release|x64
		{FA3FBAFE-EC6F-4A9C-8DD9-4F2D418C5DE6}.AppStore|iPhoneSimulator.Deploy.0 = Release|x64
		{FA3FBAFE-EC6F-4A9C-8DD9-4F2D418C5DE6}.AppStore|x64.ActiveCfg = Release|x64
		{FA3FBAFE-EC6F-4A9C-8DD9-4F2D418C5DE6}.AppStore|x64.Build.0 = Release|x64
		{FA3FBAFE-EC6F-4A9C-8DD9-4F2D418C5DE6}.AppStore|x64.Deploy.0 = Release|x64
		{FA3FBAFE-EC6F-4A9C-8DD9-4F2D418C5DE6}.AppStore|x86.ActiveCfg = Release|x86
		{FA3FBAFE-EC6F-4A9C-8DD9-4F2D418C5DE6}.AppStore|x86.Build.0 = Release|x86
		{FA3FBAFE-EC6F-4A9C-8DD9-4F2D418C5DE6}.AppStore|x86.Deploy.0 = Release|x86
		{FA3FBAFE-EC6F-4A9C-8DD9-4F2D418C5DE6}.Debug|Any CPU.ActiveCfg = Debug|x86
		{FA3FBAFE-EC6F-4A9C-8DD9-4F2D418C5DE6}.Debug|ARM.ActiveCfg = Debug|ARM
		{FA3FBAFE-EC6F-4A9C-8DD9-4F2D418C5DE6}.Debug|ARM.Build.0 = Debug|ARM
		{FA3FBAFE-EC6F-4A9C-8DD9-4F2D418C5DE6}.Debug|ARM.Deploy.0 = Debug|ARM
		{FA3FBAFE-EC6F-4A9C-8DD9-4F2D418C5DE6}.Debug|ARM64.ActiveCfg = Debug|ARM64
		{FA3FBAFE-EC6F-4A9C-8DD9-4F2D418C5DE6}.Debug|ARM64.Build.0 = Debug|ARM64
		{FA3FBAFE-EC6F-4A9C-8DD9-4F2D418C5DE6}.Debug|ARM64.Deploy.0 = Debug|ARM64
		{FA3FBAFE-EC6F-4A9C-8DD9-4F2D418C5DE6}.Debug|iPhone.ActiveCfg = Debug|x86
		{FA3FBAFE-EC6F-4A9C-8DD9-4F2D418C5DE6}.Debug|iPhoneSimulator.ActiveCfg = Debug|x86
		{FA3FBAFE-EC6F-4A9C-8DD9-4F2D418C5DE6}.Debug|x64.ActiveCfg = Debug|x64
		{FA3FBAFE-EC6F-4A9C-8DD9-4F2D418C5DE6}.Debug|x64.Build.0 = Debug|x64
		{FA3FBAFE-EC6F-4A9C-8DD9-4F2D418C5DE6}.Debug|x64.Deploy.0 = Debug|x64
		{FA3FBAFE-EC6F-4A9C-8DD9-4F2D418C5DE6}.Debug|x86.ActiveCfg = Debug|x86
		{FA3FBAFE-EC6F-4A9C-8DD9-4F2D418C5DE6}.Debug|x86.Build.0 = Debug|x86
		{FA3FBAFE-EC6F-4A9C-8DD9-4F2D418C5DE6}.Debug|x86.Deploy.0 = Debug|x86
		{FA3FBAFE-EC6F-4A9C-8DD9-4F2D418C5DE6}.Release|Any CPU.ActiveCfg = Release|x86
		{FA3FBAFE-EC6F-4A9C-8DD9-4F2D418C5DE6}.Release|ARM.ActiveCfg = Release|ARM
		{FA3FBAFE-EC6F-4A9C-8DD9-4F2D418C5DE6}.Release|ARM.Build.0 = Release|ARM
		{FA3FBAFE-EC6F-4A9C-8DD9-4F2D418C5DE6}.Release|ARM.Deploy.0 = Release|ARM
		{FA3FBAFE-EC6F-4A9C-8DD9-4F2D418C5DE6}.Release|ARM64.ActiveCfg = Release|ARM64
		{FA3FBAFE-EC6F-4A9C-8DD9-4F2D418C5DE6}.Release|ARM64.Build.0 = Release|ARM64
		{FA3FBAFE-EC6F-4A9C-8DD9-4F2D418C5DE6}.Release|ARM64.Deploy.0 = Release|ARM64
		{FA3FBAFE-EC6F-4A9C-8DD9-4F2D418C5DE6}.Release|iPhone.ActiveCfg = Release|x86
		{FA3FBAFE-EC6F-4A9C-8DD9-4F2D418C5DE6}.Release|iPhoneSimulator.ActiveCfg = Release|x86
		{FA3FBAFE-EC6F-4A9C-8DD9-4F2D418C5DE6}.Release|x64.ActiveCfg = Release|x64
		{FA3FBAFE-EC6F-4A9C-8DD9-4F2D418C5DE6}.Release|x64.Build.0 = Release|x64
		{FA3FBAFE-EC6F-4A9C-8DD9-4F2D418C5DE6}.Release|x64.Deploy.0 = Release|x64
		{FA3FBAFE-EC6F-4A9C-8DD9-4F2D418C5DE6}.Release|x86.ActiveCfg = Release|x86
		{FA3FBAFE-EC6F-4A9C-8DD9-4F2D418C5DE6}.Release|x86.Build.0 = Release|x86
		{FA3FBAFE-EC6F-4A9C-8DD9-4F2D418C5DE6}.Release|x86.Deploy.0 = Release|x86
		{3D9EFB9C-27EA-443E-A257-9A6CF05FFDCE}.Ad-Hoc|Any CPU.ActiveCfg = Debug|Any CPU
		{3D9EFB9C-27EA-443E-A257-9A6CF05FFDCE}.Ad-Hoc|Any CPU.Build.0 = Debug|Any CPU
		{3D9EFB9C-27EA-443E-A257-9A6CF05FFDCE}.Ad-Hoc|ARM.ActiveCfg = Debug|Any CPU
		{3D9EFB9C-27EA-443E-A257-9A6CF05FFDCE}.Ad-Hoc|ARM.Build.0 = Debug|Any CPU
		{3D9EFB9C-27EA-443E-A257-9A6CF05FFDCE}.Ad-Hoc|iPhone.ActiveCfg = Debug|Any CPU
		{3D9EFB9C-27EA-443E-A257-9A6CF05FFDCE}.Ad-Hoc|iPhone.Build.0 = Debug|Any CPU
		{3D9EFB9C-27EA-443E-A257-9A6CF05FFDCE}.Ad-Hoc|iPhoneSimulator.ActiveCfg = Debug|Any CPU
		{3D9EFB9C-27EA-443E-A257-9A6CF05FFDCE}.Ad-Hoc|iPhoneSimulator.Build.0 = Debug|Any CPU
		{3D9EFB9C-27EA-443E-A257-9A6CF05FFDCE}.Ad-Hoc|x64.ActiveCfg = Debug|Any CPU
		{3D9EFB9C-27EA-443E-A257-9A6CF05FFDCE}.Ad-Hoc|x64.Build.0 = Debug|Any CPU
		{3D9EFB9C-27EA-443E-A257-9A6CF05FFDCE}.Ad-Hoc|x86.ActiveCfg = Debug|Any CPU
		{3D9EFB9C-27EA-443E-A257-9A6CF05FFDCE}.Ad-Hoc|x86.Build.0 = Debug|Any CPU
		{3D9EFB9C-27EA-443E-A257-9A6CF05FFDCE}.AppStore|Any CPU.ActiveCfg = Debug|Any CPU
		{3D9EFB9C-27EA-443E-A257-9A6CF05FFDCE}.AppStore|Any CPU.Build.0 = Debug|Any CPU
		{3D9EFB9C-27EA-443E-A257-9A6CF05FFDCE}.AppStore|ARM.ActiveCfg = Debug|Any CPU
		{3D9EFB9C-27EA-443E-A257-9A6CF05FFDCE}.AppStore|ARM.Build.0 = Debug|Any CPU
		{3D9EFB9C-27EA-443E-A257-9A6CF05FFDCE}.AppStore|iPhone.ActiveCfg = Debug|Any CPU
		{3D9EFB9C-27EA-443E-A257-9A6CF05FFDCE}.AppStore|iPhone.Build.0 = Debug|Any CPU
		{3D9EFB9C-27EA-443E-A257-9A6CF05FFDCE}.AppStore|iPhoneSimulator.ActiveCfg = Debug|Any CPU
		{3D9EFB9C-27EA-443E-A257-9A6CF05FFDCE}.AppStore|iPhoneSimulator.Build.0 = Debug|Any CPU
		{3D9EFB9C-27EA-443E-A257-9A6CF05FFDCE}.AppStore|x64.ActiveCfg = Debug|Any CPU
		{3D9EFB9C-27EA-443E-A257-9A6CF05FFDCE}.AppStore|x64.Build.0 = Debug|Any CPU
		{3D9EFB9C-27EA-443E-A257-9A6CF05FFDCE}.AppStore|x86.ActiveCfg = Debug|Any CPU
		{3D9EFB9C-27EA-443E-A257-9A6CF05FFDCE}.AppStore|x86.Build.0 = Debug|Any CPU
		{3D9EFB9C-27EA-443E-A257-9A6CF05FFDCE}.Debug|Any CPU.ActiveCfg = Debug|Any CPU
		{3D9EFB9C-27EA-443E-A257-9A6CF05FFDCE}.Debug|Any CPU.Build.0 = Debug|Any CPU
		{3D9EFB9C-27EA-443E-A257-9A6CF05FFDCE}.Debug|ARM.ActiveCfg = Debug|Any CPU
		{3D9EFB9C-27EA-443E-A257-9A6CF05FFDCE}.Debug|ARM.Build.0 = Debug|Any CPU
		{3D9EFB9C-27EA-443E-A257-9A6CF05FFDCE}.Debug|iPhone.ActiveCfg = Debug|Any CPU
		{3D9EFB9C-27EA-443E-A257-9A6CF05FFDCE}.Debug|iPhone.Build.0 = Debug|Any CPU
		{3D9EFB9C-27EA-443E-A257-9A6CF05FFDCE}.Debug|iPhoneSimulator.ActiveCfg = Debug|Any CPU
		{3D9EFB9C-27EA-443E-A257-9A6CF05FFDCE}.Debug|iPhoneSimulator.Build.0 = Debug|Any CPU
		{3D9EFB9C-27EA-443E-A257-9A6CF05FFDCE}.Debug|x64.ActiveCfg = Debug|Any CPU
		{3D9EFB9C-27EA-443E-A257-9A6CF05FFDCE}.Debug|x64.Build.0 = Debug|Any CPU
		{3D9EFB9C-27EA-443E-A257-9A6CF05FFDCE}.Debug|x86.ActiveCfg = Debug|Any CPU
		{3D9EFB9C-27EA-443E-A257-9A6CF05FFDCE}.Debug|x86.Build.0 = Debug|Any CPU
		{3D9EFB9C-27EA-443E-A257-9A6CF05FFDCE}.Release|Any CPU.ActiveCfg = Release|Any CPU
		{3D9EFB9C-27EA-443E-A257-9A6CF05FFDCE}.Release|Any CPU.Build.0 = Release|Any CPU
		{3D9EFB9C-27EA-443E-A257-9A6CF05FFDCE}.Release|ARM.ActiveCfg = Release|Any CPU
		{3D9EFB9C-27EA-443E-A257-9A6CF05FFDCE}.Release|ARM.Build.0 = Release|Any CPU
		{3D9EFB9C-27EA-443E-A257-9A6CF05FFDCE}.Release|iPhone.ActiveCfg = Release|Any CPU
		{3D9EFB9C-27EA-443E-A257-9A6CF05FFDCE}.Release|iPhone.Build.0 = Release|Any CPU
		{3D9EFB9C-27EA-443E-A257-9A6CF05FFDCE}.Release|iPhoneSimulator.ActiveCfg = Release|Any CPU
		{3D9EFB9C-27EA-443E-A257-9A6CF05FFDCE}.Release|iPhoneSimulator.Build.0 = Release|Any CPU
		{3D9EFB9C-27EA-443E-A257-9A6CF05FFDCE}.Release|x64.ActiveCfg = Release|Any CPU
		{3D9EFB9C-27EA-443E-A257-9A6CF05FFDCE}.Release|x64.Build.0 = Release|Any CPU
		{3D9EFB9C-27EA-443E-A257-9A6CF05FFDCE}.Release|x86.ActiveCfg = Release|Any CPU
		{3D9EFB9C-27EA-443E-A257-9A6CF05FFDCE}.Release|x86.Build.0 = Release|Any CPU
	EndGlobalSection
	GlobalSection(SolutionProperties) = preSolution
		HideSolutionNode = FALSE
	EndGlobalSection
	GlobalSection(ExtensibilityGlobals) = postSolution
		SolutionGuid = {F6D05029-56B8-4E45-AF2D-0E76295DDBA2}
	EndGlobalSection
EndGlobal
